{
  "lock_version": 1,
  "framework": {
    "version": "1.0.3",
    "commit": "unknown"
  },
  "managed": {
    ".claude/agents/evaluator.md": {
      "src": "templates/claude/agents/evaluator.md",
      "sha256": "03053c0f18553bbc8eb6ce71b7e0aeb359fb60bab470ae31ecbc59eb079186de",
      "upstream": "03053c0f18553bbc8eb6ce71b7e0aeb359fb60bab470ae31ecbc59eb079186de"
    },
    ".claude/agents/generator-restricted.md": {
      "src": "templates/claude/agents/generator-restricted.md",
      "sha256": "f35f7654c2c1bd405c3b60b210cbd28cc12983becb83a3e93c8e6e9ebc3c791c",
      "upstream": "f35f7654c2c1bd405c3b60b210cbd28cc12983becb83a3e93c8e6e9ebc3c791c"
    },
    ".claude/agents/spec-lock-critic.md": {
      "src": "templates/claude/agents/spec-lock-critic.md",
      "sha256": "23a51a706bc9ed33682fe57225c404445286b9a677571047fa957b9ad3b69413",
      "upstream": "23a51a706bc9ed33682fe57225c404445286b9a677571047fa957b9ad3b69413"
    },
    ".claude/autonomous/autonomy-policy.schema.json": {
      "src": "templates/claude/autonomous/autonomy-policy.schema.json",
      "sha256": "a77458d48c8f9416e40faa96314fa048c670cfc99ddb573dbe31d60b90611201",
      "upstream": "a77458d48c8f9416e40faa96314fa048c670cfc99ddb573dbe31d60b90611201"
    },
    ".claude/autonomous/gate-arbiter.workflow.js": {
      "src": "templates/claude/autonomous/gate-arbiter.workflow.js",
      "sha256": "b47dec1d5c40231da60467516fcc3a6285bbc8645873646bcaeec62dd1222bc1",
      "upstream": "b47dec1d5c40231da60467516fcc3a6285bbc8645873646bcaeec62dd1222bc1"
    },
    ".claude/autonomous/progress.autonomy-fields.md": {
      "src": "templates/claude/autonomous/progress.autonomy-fields.md",
      "sha256": "0caa74c971edbfa693ad56a7c2f9a0523df8f92488b9f1aa576f4c1f4fb8b582",
      "upstream": "0caa74c971edbfa693ad56a7c2f9a0523df8f92488b9f1aa576f4c1f4fb8b582"
    },
    ".claude/autonomous/settings.autodrive.json": {
      "src": "templates/claude/autonomous/settings.autodrive.json",
      "sha256": "d7661d9939ba4fdd6762f8227fb12c258f57f16aed5ca34bf9074c4759a1ef84",
      "upstream": "d7661d9939ba4fdd6762f8227fb12c258f57f16aed5ca34bf9074c4759a1ef84"
    },
    ".claude/autonomous/validate-autonomy-policy.sh": {
      "src": "templates/claude/autonomous/validate-autonomy-policy.sh",
      "sha256": "238b2dbaa75d2911e71060a5405da993fa603b3b4ec56422b2fdb177c3fa44f7",
      "upstream": "238b2dbaa75d2911e71060a5405da993fa603b3b4ec56422b2fdb177c3fa44f7"
    },
    ".claude/autonomous/validate-verdict-artifact.sh": {
      "src": "templates/claude/autonomous/validate-verdict-artifact.sh",
      "sha256": "280cd7fd3dcc49a38c83d206bb4d51803ae72515bdd5c8d86583636e30db621c",
      "upstream": "280cd7fd3dcc49a38c83d206bb4d51803ae72515bdd5c8d86583636e30db621c"
    },
    ".claude/autonomous/verdict-artifact.schema.json": {
      "src": "templates/claude/autonomous/verdict-artifact.schema.json",
      "sha256": "4e675346dab19ae5f1a1807afa18ab114d4db817ab76998d6d3d46ddc43da6f6",
      "upstream": "4e675346dab19ae5f1a1807afa18ab114d4db817ab76998d6d3d46ddc43da6f6"
    },
    ".claude/hooks/session-start.sh": {
      "src": "templates/claude/hooks/session-start.sh",
      "sha256": "de1576b1aeccda10d5906134abcfc75d9414cef49db2df879ab3d9aceca56a32",
      "upstream": "de1576b1aeccda10d5906134abcfc75d9414cef49db2df879ab3d9aceca56a32"
    },
    ".claude/hooks/validate-state-json.sh": {
      "src": "templates/claude/hooks/validate-state-json.sh",
      "sha256": "4fda29e78eb25ef9d3d4a835014e1f734e6aafd9ed7265d8a7358fe66440e4a8",
      "upstream": "4fda29e78eb25ef9d3d4a835014e1f734e6aafd9ed7265d8a7358fe66440e4a8"
    },
    ".claude/settings.json": {
      "src": "templates/claude/settings.json",
      "sha256": "a7973487490742883742d2f607725f5d87ddc74845c6baf497b0d7ef8ce0f41e",
      "upstream": "a7973487490742883742d2f607725f5d87ddc74845c6baf497b0d7ef8ce0f41e"
    },
    ".claude/skills/autodrive/SKILL.md": {
      "src": "templates/claude/skills/autodrive/SKILL.md",
      "sha256": "7cce08d2380a43b14d9efb3709e9f3d0d101a14f17183191ccea933214403b6b",
      "upstream": "7cce08d2380a43b14d9efb3709e9f3d0d101a14f17183191ccea933214403b6b"
    },
    ".claude/skills/build/SKILL.md": {
      "src": "templates/claude/skills/build/SKILL.md",
      "sha256": "7157ea36acbd1328476f2d83aabc801c6a355576abbb63328b4af9a4bbf3f620",
      "upstream": "7157ea36acbd1328476f2d83aabc801c6a355576abbb63328b4af9a4bbf3f620"
    },
    ".claude/skills/dashboard/SKILL.md": {
      "src": "templates/claude/skills/dashboard/SKILL.md",
      "sha256": "de46bb0e8d6a7ac4469627f7118087c1b34d2e9aad823561db277bab88d089bd",
      "upstream": "de46bb0e8d6a7ac4469627f7118087c1b34d2e9aad823561db277bab88d089bd"
    },
    ".claude/skills/plan/SKILL.md": {
      "src": "templates/claude/skills/plan/SKILL.md",
      "sha256": "3ca462da7f3ca3419ffc40a42d68576ffc998d2282f7672ed4ce8933c8916e56",
      "upstream": "3ca462da7f3ca3419ffc40a42d68576ffc998d2282f7672ed4ce8933c8916e56"
    },
    ".claude/skills/verify/SKILL.md": {
      "src": "templates/claude/skills/verify/SKILL.md",
      "sha256": "f8a7f89a4767665049c30f257fc4e1fee2178380a9ff660fc3b2f6d205da1a4f",
      "upstream": "f8a7f89a4767665049c30f257fc4e1fee2178380a9ff660fc3b2f6d205da1a4f"
    },
    "evaluator.md": {
      "src": "harness/evaluator.md",
      "sha256": "2c14aa5977a1bedda1d51d3f64244a5511d85fa5d248e6780a1d5f4f49fedb86",
      "upstream": "2c14aa5977a1bedda1d51d3f64244a5511d85fa5d248e6780a1d5f4f49fedb86"
    },
    "framework/CHANGELOG.md": {
      "src": "CHANGELOG.md",
      "sha256": "c22121668ae534043b40c9c0aebed73d0dc379f92b25c9a46f879c896460b9bd",
      "upstream": "aaa2389ec2b4e95e10d971304ae61127adc66f3a1bbb039ebf86711e66c78382"
    },
    "framework/README.md": {
      "src": "README.md",
      "sha256": "c4ce39ce5b5768c4c64f59c0d41cd1adc451d158ff7cead5ff063c73b2e9d93b",
      "upstream": "c4ce39ce5b5768c4c64f59c0d41cd1adc451d158ff7cead5ff063c73b2e9d93b"
    },
    "framework/bootstrap.sh": {
      "src": "bootstrap.sh",
      "sha256": "30d0bf2ab5a2e8020e34f2137187e0b3555410f00c5a015761d867efab22e732",
      "upstream": "30d0bf2ab5a2e8020e34f2137187e0b3555410f00c5a015761d867efab22e732"
    },
    "framework/cowork-constraint-design.md": {
      "src": "cowork-constraint-design.md",
      "sha256": "efc8e5e8a010025d28b756c6fbc11da84054218fac5a1b64d9d15363d0c4021c",
      "upstream": "efc8e5e8a010025d28b756c6fbc11da84054218fac5a1b64d9d15363d0c4021c"
    },
    "framework/docs/01-concepts.md": {
      "src": "docs/01-concepts.md",
      "sha256": "a58a6f32e329e1b2f709c3a28e93f468a66f2399a550a6c5fdf43f409a9e5408",
      "upstream": "a58a6f32e329e1b2f709c3a28e93f468a66f2399a550a6c5fdf43f409a9e5408"
    },
    "framework/docs/02-usage.md": {
      "src": "docs/02-usage.md",
      "sha256": "445a8eaeda7e9f633d9fbe0a663332df107cb0ee9ec76337ac9cf946ffe1a321",
      "upstream": "445a8eaeda7e9f633d9fbe0a663332df107cb0ee9ec76337ac9cf946ffe1a321"
    },
    "framework/docs/03-quickstart.md": {
      "src": "docs/03-quickstart.md",
      "sha256": "11c50750e9d5042766f41cec6b92904a61ebab127397cd5dd62cc83bf03b1b0a",
      "upstream": "11c50750e9d5042766f41cec6b92904a61ebab127397cd5dd62cc83bf03b1b0a"
    },
    "framework/harness/autonomous-mode.md": {
      "src": "harness/autonomous-mode.md",
      "sha256": "1a46bb25452f12bef9e26c15eaf632392a51548b02a5e52125613e908070577f",
      "upstream": "1a46bb25452f12bef9e26c15eaf632392a51548b02a5e52125613e908070577f"
    },
    "framework/harness/evaluator.md": {
      "src": "harness/evaluator.md",
      "sha256": "2c14aa5977a1bedda1d51d3f64244a5511d85fa5d248e6780a1d5f4f49fedb86",
      "upstream": "2c14aa5977a1bedda1d51d3f64244a5511d85fa5d248e6780a1d5f4f49fedb86"
    },
    "framework/harness/generator.md": {
      "src": "harness/generator.md",
      "sha256": "201a6e794a455ce9a223d77bacd0c5babc335a0b0a84d1f9da0e255b5d5e6642",
      "upstream": "f7c43ad4133db778ce0d197d94f9fcf6d736659dc2db9fe24dd431d9845c8113"
    },
    "framework/harness/harness-rules.md": {
      "src": "harness/harness-rules.md",
      "sha256": "b31f7da726868a96454d767f6868d06dea12d47f633e07de697a51e3b001e16d",
      "upstream": "b31f7da726868a96454d767f6868d06dea12d47f633e07de697a51e3b001e16d"
    },
    "framework/harness/orchestration-patterns.md": {
      "src": "harness/orchestration-patterns.md",
      "sha256": "21b044f170cbc425b531d96e1aa0658c433a06fe9d7d8fc1faab465181a3358c",
      "upstream": "4e79853f717e3aa1dafa3fb01214c58d7eb448b8f85c9d78741c973e84760507"
    },
    "framework/harness/planner.md": {
      "src": "harness/planner.md",
      "sha256": "bba63e35e99d616f03d0015d8cde2fe89ecacf60cee85d49755c88581e91237b",
      "upstream": "b3fe138c65f2fa7affb8f6dbf412e5449b07125afc62296cc92f681c431b2d85"
    },
    "framework/harness/pre-impl-adjudication.md": {
      "src": "harness/pre-impl-adjudication.md",
      "sha256": "6f663c2c58a8d1d076eeac4490b35936723d84b81bf6746b446dd4a58fb6c454",
      "upstream": "bc0a62342ddf984a9672953562864b462a8a4b55728f2abc449276db91d97e08"
    },
    "framework/harness/progress.init.json": {
      "src": "harness/progress.init.json",
      "sha256": "30a8983d211cea8625960524d6118f1f4d6d27c61fcd7bab95ffee6a7e6e613b",
      "upstream": "30a8983d211cea8625960524d6118f1f4d6d27c61fcd7bab95ffee6a7e6e613b"
    },
    "framework/memory/MEMORY.md": {
      "src": "memory/MEMORY.md",
      "sha256": "2856839b2c5b3b77b79671a955511e70c8004b0c1d484f36584a7594d53617d2",
      "upstream": "2856839b2c5b3b77b79671a955511e70c8004b0c1d484f36584a7594d53617d2"
    },
    "framework/memory/environment.md": {
      "src": "memory/environment.md",
      "sha256": "3a8ab4117793da7dc151389b28650a5fd9e99021ff038d79b6498aa431dccb2a",
      "upstream": "3a8ab4117793da7dc151389b28650a5fd9e99021ff038d79b6498aa431dccb2a"
    },
    "framework/memory/project-status.md": {
      "src": "memory/project-status.md",
      "sha256": "7618ab126416a2915ba97e0fec988cc4117c314e0397c83ca400d0398d419c03",
      "upstream": "7618ab126416a2915ba97e0fec988cc4117c314e0397c83ca400d0398d419c03"
    },
    "framework/memory/reference-docs.md": {
      "src": "memory/reference-docs.md",
      "sha256": "18310757d409d57973929ac7d06498fe612b502ee5cd5277bb87fc1a83a4d7f4",
      "upstream": "18310757d409d57973929ac7d06498fe612b502ee5cd5277bb87fc1a83a4d7f4"
    },
    "framework/memory/role-context/evaluator.md": {
      "src": "memory/role-context/evaluator.md",
      "sha256": "18edf80f6f0089534f7aa54122619feaeed4ec00b960bb888ccd16d12fa54777",
      "upstream": "4ce3f22f883a836aa2f248c02f6f018e0ace59dd7b0754811aa3959ebb75475c"
    },
    "framework/memory/role-context/generator.md": {
      "src": "memory/role-context/generator.md",
      "sha256": "f4b54b32a58e301849dccc4ded111f24de0b6df3adf485db1e5d7b153fb507eb",
      "upstream": "53c791c09aeb49f06ecf88375215312488be7cdd092641160b1d4af0435b26be"
    },
    "framework/memory/role-context/planner.md": {
      "src": "memory/role-context/planner.md",
      "sha256": "66e18e8651d2c6e782eff22b6794d06bb25f49110a00ba08f86f5e18193c9d6b",
      "upstream": "fbae03bd188140b939b4ec0c4b49e378af97909c1141605378d3e8cd49069345"
    },
    "framework/memory/user-role.md": {
      "src": "memory/user-role.md",
      "sha256": "cb3eb1c043aad55b610ecefc185abe6411c399c5e446acf0544f00a81ec03f50",
      "upstream": "cb3eb1c043aad55b610ecefc185abe6411c399c5e446acf0544f00a81ec03f50"
    },
    "framework/patterns/README.md": {
      "src": "patterns/README.md",
      "sha256": "c5c1f082a5babd6645aa469f574630f6b1714712ce18083f6f291b6a57699e79",
      "upstream": "72c876512dde3ed11f299957380aeaa69381ddc5b12de220389e9ef436c438a1"
    },
    "framework/patterns/ai-action-contract.md": {
      "src": "patterns/ai-action-contract.md",
      "sha256": "5ba1a7b58168f61ade3d55940f675f5b82d8f8efbc59136f7679a09f04cc40ef",
      "upstream": "5ba1a7b58168f61ade3d55940f675f5b82d8f8efbc59136f7679a09f04cc40ef"
    },
    "framework/patterns/database-patterns.md": {
      "src": "patterns/database-patterns.md",
      "sha256": "3ff43c3c016a3b0746c2b8521593cfd880bcdbd7bf1611ece9ebae1090293298",
      "upstream": "7394a1bde62e35e25a6797000b907978974f2da5623c4670dd0fb7ca80291fca"
    },
    "framework/patterns/deploy-patterns.md": {
      "src": "patterns/deploy-patterns.md",
      "sha256": "af21742cf330be9b38dd506044ff2dc2cf7557ae8a3a80af6caf8410748a981b",
      "upstream": "034b301c72c7a8c29ecc835601e437bc80317cc5c588e13bd6b4f6527982f998"
    },
    "framework/patterns/i18n-namespace-add-checklist.md": {
      "src": "patterns/i18n-namespace-add-checklist.md",
      "sha256": "00e5c186224ca620f78aced45dffb036a3fa6d00d57ef77997efbe722db7901e",
      "upstream": "00e5c186224ca620f78aced45dffb036a3fa6d00d57ef77997efbe722db7901e"
    },
    "framework/patterns/material-symbols-pattern.md": {
      "src": "patterns/material-symbols-pattern.md",
      "sha256": "6486b34240beede6be7e07e8279df4ec33d56436d0a454bba59051c2d72c6145",
      "upstream": "6486b34240beede6be7e07e8279df4ec33d56436d0a454bba59051c2d72c6145"
    },
    "framework/patterns/testing-env-patterns.md": {
      "src": "patterns/testing-env-patterns.md",
      "sha256": "45364bb9d49821204b34e71d749d188e4e10d87bf349dc7bcd53f38a47812b50",
      "upstream": "8772904ef43defabb4e43dd49168fcb7847b622e9c790cb819700304fea19291"
    },
    "framework/patterns/ui-fidelity-guardrail.md": {
      "src": "patterns/ui-fidelity-guardrail.md",
      "sha256": "6032081783df792616e04677690996fbd2cd0972e4bfc0320955ddd01f54576f",
      "upstream": "6032081783df792616e04677690996fbd2cd0972e4bfc0320955ddd01f54576f"
    },
    "framework/patterns/web-runtime-patterns.md": {
      "src": "patterns/web-runtime-patterns.md",
      "sha256": "bdf5ddba967ca9e4e89fcc537db61becf65eed60e832a98041eca71e16301186",
      "upstream": "ba47bfcc76b4a309f7d4373e2eec3ad761fcb32c1d3aa2add0380ff0a3b18417"
    },
    "framework/templates/AGENTS.md": {
      "src": "templates/AGENTS.md",
      "sha256": "01c20fb8de4b1f2aa8749e72f42b324b925a47e5aab7e0cdcaf58448e1a62610",
      "upstream": "01c20fb8de4b1f2aa8749e72f42b324b925a47e5aab7e0cdcaf58448e1a62610"
    },
    "framework/templates/CLAUDE.md": {
      "src": "templates/CLAUDE.md",
      "sha256": "a6e8896a13f72e99cbca1f390178425e6debc9fcc0e1e56b94b53c2d73e6f231",
      "upstream": "a6e8896a13f72e99cbca1f390178425e6debc9fcc0e1e56b94b53c2d73e6f231"
    },
    "framework/templates/claude/agents/evaluator.md": {
      "src": "templates/claude/agents/evaluator.md",
      "sha256": "03053c0f18553bbc8eb6ce71b7e0aeb359fb60bab470ae31ecbc59eb079186de",
      "upstream": "03053c0f18553bbc8eb6ce71b7e0aeb359fb60bab470ae31ecbc59eb079186de"
    },
    "framework/templates/claude/agents/generator-restricted.md": {
      "src": "templates/claude/agents/generator-restricted.md",
      "sha256": "f35f7654c2c1bd405c3b60b210cbd28cc12983becb83a3e93c8e6e9ebc3c791c",
      "upstream": "f35f7654c2c1bd405c3b60b210cbd28cc12983becb83a3e93c8e6e9ebc3c791c"
    },
    "framework/templates/claude/agents/spec-lock-critic.md": {
      "src": "templates/claude/agents/spec-lock-critic.md",
      "sha256": "23a51a706bc9ed33682fe57225c404445286b9a677571047fa957b9ad3b69413",
      "upstream": "23a51a706bc9ed33682fe57225c404445286b9a677571047fa957b9ad3b69413"
    },
    "framework/templates/claude/autonomous/autonomy-policy.schema.json": {
      "src": "templates/claude/autonomous/autonomy-policy.schema.json",
      "sha256": "a77458d48c8f9416e40faa96314fa048c670cfc99ddb573dbe31d60b90611201",
      "upstream": "a77458d48c8f9416e40faa96314fa048c670cfc99ddb573dbe31d60b90611201"
    },
    "framework/templates/claude/autonomous/gate-arbiter.workflow.js": {
      "src": "templates/claude/autonomous/gate-arbiter.workflow.js",
      "sha256": "b47dec1d5c40231da60467516fcc3a6285bbc8645873646bcaeec62dd1222bc1",
      "upstream": "b47dec1d5c40231da60467516fcc3a6285bbc8645873646bcaeec62dd1222bc1"
    },
    "framework/templates/claude/autonomous/progress.autonomy-fields.md": {
      "src": "templates/claude/autonomous/progress.autonomy-fields.md",
      "sha256": "0caa74c971edbfa693ad56a7c2f9a0523df8f92488b9f1aa576f4c1f4fb8b582",
      "upstream": "0caa74c971edbfa693ad56a7c2f9a0523df8f92488b9f1aa576f4c1f4fb8b582"
    },
    "framework/templates/claude/autonomous/settings.autodrive.json": {
      "src": "templates/claude/autonomous/settings.autodrive.json",
      "sha256": "d7661d9939ba4fdd6762f8227fb12c258f57f16aed5ca34bf9074c4759a1ef84",
      "upstream": "d7661d9939ba4fdd6762f8227fb12c258f57f16aed5ca34bf9074c4759a1ef84"
    },
    "framework/templates/claude/autonomous/validate-autonomy-policy.sh": {
      "src": "templates/claude/autonomous/validate-autonomy-policy.sh",
      "sha256": "238b2dbaa75d2911e71060a5405da993fa603b3b4ec56422b2fdb177c3fa44f7",
      "upstream": "238b2dbaa75d2911e71060a5405da993fa603b3b4ec56422b2fdb177c3fa44f7"
    },
    "framework/templates/claude/autonomous/validate-verdict-artifact.sh": {
      "src": "templates/claude/autonomous/validate-verdict-artifact.sh",
      "sha256": "280cd7fd3dcc49a38c83d206bb4d51803ae72515bdd5c8d86583636e30db621c",
      "upstream": "280cd7fd3dcc49a38c83d206bb4d51803ae72515bdd5c8d86583636e30db621c"
    },
    "framework/templates/claude/autonomous/verdict-artifact.schema.json": {
      "src": "templates/claude/autonomous/verdict-artifact.schema.json",
      "sha256": "4e675346dab19ae5f1a1807afa18ab114d4db817ab76998d6d3d46ddc43da6f6",
      "upstream": "4e675346dab19ae5f1a1807afa18ab114d4db817ab76998d6d3d46ddc43da6f6"
    },
    "framework/templates/claude/hooks/session-start.sh": {
      "src": "templates/claude/hooks/session-start.sh",
      "sha256": "de1576b1aeccda10d5906134abcfc75d9414cef49db2df879ab3d9aceca56a32",
      "upstream": "de1576b1aeccda10d5906134abcfc75d9414cef49db2df879ab3d9aceca56a32"
    },
    "framework/templates/claude/hooks/validate-state-json.sh": {
      "src": "templates/claude/hooks/validate-state-json.sh",
      "sha256": "4fda29e78eb25ef9d3d4a835014e1f734e6aafd9ed7265d8a7358fe66440e4a8",
      "upstream": "4fda29e78eb25ef9d3d4a835014e1f734e6aafd9ed7265d8a7358fe66440e4a8"
    },
    "framework/templates/claude/settings.json": {
      "src": "templates/claude/settings.json",
      "sha256": "a7973487490742883742d2f607725f5d87ddc74845c6baf497b0d7ef8ce0f41e",
      "upstream": "a7973487490742883742d2f607725f5d87ddc74845c6baf497b0d7ef8ce0f41e"
    },
    "framework/templates/claude/skills/autodrive/SKILL.md": {
      "src": "templates/claude/skills/autodrive/SKILL.md",
      "sha256": "7cce08d2380a43b14d9efb3709e9f3d0d101a14f17183191ccea933214403b6b",
      "upstream": "7cce08d2380a43b14d9efb3709e9f3d0d101a14f17183191ccea933214403b6b"
    },
    "framework/templates/claude/skills/build/SKILL.md": {
      "src": "templates/claude/skills/build/SKILL.md",
      "sha256": "7157ea36acbd1328476f2d83aabc801c6a355576abbb63328b4af9a4bbf3f620",
      "upstream": "7157ea36acbd1328476f2d83aabc801c6a355576abbb63328b4af9a4bbf3f620"
    },
    "framework/templates/claude/skills/dashboard/SKILL.md": {
      "src": "templates/claude/skills/dashboard/SKILL.md",
      "sha256": "de46bb0e8d6a7ac4469627f7118087c1b34d2e9aad823561db277bab88d089bd",
      "upstream": "de46bb0e8d6a7ac4469627f7118087c1b34d2e9aad823561db277bab88d089bd"
    },
    "framework/templates/claude/skills/plan/SKILL.md": {
      "src": "templates/claude/skills/plan/SKILL.md",
      "sha256": "3ca462da7f3ca3419ffc40a42d68576ffc998d2282f7672ed4ce8933c8916e56",
      "upstream": "3ca462da7f3ca3419ffc40a42d68576ffc998d2282f7672ed4ce8933c8916e56"
    },
    "framework/templates/claude/skills/verify/SKILL.md": {
      "src": "templates/claude/skills/verify/SKILL.md",
      "sha256": "f8a7f89a4767665049c30f257fc4e1fee2178380a9ff660fc3b2f6d205da1a4f",
      "upstream": "f8a7f89a4767665049c30f257fc4e1fee2178380a9ff660fc3b2f6d205da1a4f"
    },
    "framework/templates/dashboard.template.html": {
      "src": "templates/dashboard.template.html",
      "sha256": "0b0428a71ee6cc8aadd1439fcf80506ec689380d95595ebd82ff6da848e1abf0",
      "upstream": "0b0428a71ee6cc8aadd1439fcf80506ec689380d95595ebd82ff6da848e1abf0"
    },
    "framework/templates/features.template.json": {
      "src": "templates/features.template.json",
      "sha256": "6618219bc920dd73e8918869909b15f7b74ad02021f6bf2ae4c7c168e963ec16",
      "upstream": "6618219bc920dd73e8918869909b15f7b74ad02021f6bf2ae4c7c168e963ec16"
    },
    "framework/templates/migration-batch-checklist.md": {
      "src": "templates/migration-batch-checklist.md",
      "sha256": "4b985fdb91db3ec92991f3e18d31d548a0be0e293970f4c8899960e0a3a7eaf7",
      "upstream": "4b985fdb91db3ec92991f3e18d31d548a0be0e293970f4c8899960e0a3a7eaf7"
    },
    "framework/templates/pre-commit-hook.sh": {
      "src": "templates/pre-commit-hook.sh",
      "sha256": "bf4c1b178ba5ae8f6325fa5e28a0ad5b9d0d12404e66eed315b0f30633fb1a51",
      "upstream": "bf4c1b178ba5ae8f6325fa5e28a0ad5b9d0d12404e66eed315b0f30633fb1a51"
    },
    "framework/templates/prod-launch-audit-template.md": {
      "src": "templates/prod-launch-audit-template.md",
      "sha256": "ef5e98b68e53f682ddcc01eeed8a80ccfafe3d953bcaf85b391a610b16f5801b",
      "upstream": "ef5e98b68e53f682ddcc01eeed8a80ccfafe3d953bcaf85b391a610b16f5801b"
    },
    "framework/templates/signoff-report.md": {
      "src": "templates/signoff-report.md",
      "sha256": "e248d421dc20ec54e59411dedf12c6ea71062b962e7797fa5b87d4e3dcd3d4d7",
      "upstream": "e248d421dc20ec54e59411dedf12c6ea71062b962e7797fa5b87d4e3dcd3d4d7"
    },
    "generator.md": {
      "src": "harness/generator.md",
      "sha256": "201a6e794a455ce9a223d77bacd0c5babc335a0b0a84d1f9da0e255b5d5e6642",
      "upstream": "f7c43ad4133db778ce0d197d94f9fcf6d736659dc2db9fe24dd431d9845c8113"
    },
    "harness-rules.md": {
      "src": "harness/harness-rules.md",
      "sha256": "b31f7da726868a96454d767f6868d06dea12d47f633e07de697a51e3b001e16d",
      "upstream": "b31f7da726868a96454d767f6868d06dea12d47f633e07de697a51e3b001e16d"
    },
    "orchestration-patterns.md": {
      "src": "harness/orchestration-patterns.md",
      "sha256": "4e79853f717e3aa1dafa3fb01214c58d7eb448b8f85c9d78741c973e84760507",
      "upstream": "4e79853f717e3aa1dafa3fb01214c58d7eb448b8f85c9d78741c973e84760507"
    },
    "planner.md": {
      "src": "harness/planner.md",
      "sha256": "b3fe138c65f2fa7affb8f6dbf412e5449b07125afc62296cc92f681c431b2d85",
      "upstream": "b3fe138c65f2fa7affb8f6dbf412e5449b07125afc62296cc92f681c431b2d85"
    }
  },
  "seeded": {
    ".auto-memory/MEMORY.md": {
      "src": "memory/MEMORY.md",
      "sha256": "2856839b2c5b3b77b79671a955511e70c8004b0c1d484f36584a7594d53617d2",
      "upstream": "2856839b2c5b3b77b79671a955511e70c8004b0c1d484f36584a7594d53617d2"
    },
    ".auto-memory/environment.md": {
      "src": "memory/environment.md",
      "sha256": "2ba1ae1260016a65d261b5f537dc39f407f161bfec163d6bb170ff8ff8d696a3",
      "upstream": "3a8ab4117793da7dc151389b28650a5fd9e99021ff038d79b6498aa431dccb2a"
    },
    ".auto-memory/project-status.md": {
      "src": "memory/project-status.md",
      "sha256": "e5edc9f7acde0fdd4a76fa6b6ee452ac1eb3c2834818808edf9ca45a54f55356",
      "upstream": "7618ab126416a2915ba97e0fec988cc4117c314e0397c83ca400d0398d419c03"
    },
    ".auto-memory/reference-docs.md": {
      "src": "memory/reference-docs.md",
      "sha256": "18310757d409d57973929ac7d06498fe612b502ee5cd5277bb87fc1a83a4d7f4",
      "upstream": "18310757d409d57973929ac7d06498fe612b502ee5cd5277bb87fc1a83a4d7f4"
    },
    ".auto-memory/role-context/evaluator.md": {
      "src": "memory/role-context/evaluator.md",
      "sha256": "18edf80f6f0089534f7aa54122619feaeed4ec00b960bb888ccd16d12fa54777",
      "upstream": "4ce3f22f883a836aa2f248c02f6f018e0ace59dd7b0754811aa3959ebb75475c"
    },
    ".auto-memory/role-context/generator.md": {
      "src": "memory/role-context/generator.md",
      "sha256": "f4b54b32a58e301849dccc4ded111f24de0b6df3adf485db1e5d7b153fb507eb",
      "upstream": "53c791c09aeb49f06ecf88375215312488be7cdd092641160b1d4af0435b26be"
    },
    ".auto-memory/role-context/planner.md": {
      "src": "memory/role-context/planner.md",
      "sha256": "66e18e8651d2c6e782eff22b6794d06bb25f49110a00ba08f86f5e18193c9d6b",
      "upstream": "fbae03bd188140b939b4ec0c4b49e378af97909c1141605378d3e8cd49069345"
    },
    ".auto-memory/user-role.md": {
      "src": "memory/user-role.md",
      "sha256": "87e4e87855e9ca28535179773edd30ffebf1800c2b75611d36bef6cbc02acbde",
      "upstream": "cb3eb1c043aad55b610ecefc185abe6411c399c5e446acf0544f00a81ec03f50"
    },
    "AGENTS.md": {
      "src": "templates/AGENTS.md",
      "sha256": "2f0d50477da549a2abe53cb5c2a3d168326ff6cb4b16eed6be15752f9739da85",
      "upstream": "01c20fb8de4b1f2aa8749e72f42b324b925a47e5aab7e0cdcaf58448e1a62610"
    },
    "CLAUDE.md": {
      "src": "templates/CLAUDE.md",
      "sha256": "13c180cd8e36b392afe44725f09ee7005ffca5b1ca086354a3fc4469bfb1d2fa",
      "upstream": "a6e8896a13f72e99cbca1f390178425e6debc9fcc0e1e56b94b53c2d73e6f231"
    },
    "framework/proposed-learnings.md": {
      "src": "proposed-learnings.md",
      "sha256": "323ceeaa26e397446f75a4363a2f63b43b3d38ebc29570209d91d35dde1c75c7",
      "upstream": "3360c42d8de0dac4e9e9ec7c762919bc84abd875fe4381e585a59ffb08d1292f"
    },
    "progress.json": {
      "src": "harness/progress.init.json",
      "sha256": "e60333143df8cbbb7977a263b5b87155792752bacd28aad8eaad3bce681abc7b",
      "upstream": "30a8983d211cea8625960524d6118f1f4d6d27c61fcd7bab95ffee6a7e6e613b"
    }
  }
}
